{
  "name": "@jarkkojs/readseek",
  "version": "0.8.1",
  "lockfileVersion": 3,
  "requires": true,
  "packages": {
    "": {
      "name": "@jarkkojs/readseek",
      "version": "0.8.1",
      "license": "Apache-2.0 AND LGPL-2.1-or-later",
      "bin": {
        "readseek": "bin/readseek.js"
      },
      "engines": {
        "node": ">=18"
      },
      "optionalDependencies": {
        "@jarkkojs/readseek-darwin-arm64": "0.8.1",
        "@jarkkojs/readseek-linux-arm64": "0.8.1",
        "@jarkkojs/readseek-linux-x64": "0.8.1",
        "@jarkkojs/readseek-win32-x64": "0.8.1"
      }
    },
    "node_modules/@jarkkojs/readseek-darwin-arm64": {
      "version": "0.8.1",
      "resolved": "https://registry.npmjs.org/@jarkkojs/readseek-darwin-arm64/-/readseek-darwin-arm64-0.8.1.tgz",
      "cpu": [
        "arm64"
      ],
      "license": "Apache-2.0 AND LGPL-2.1-or-later",
      "optional": true,
      "os": [
        "darwin"
      ],
      "bin": {
        "readseek": "bin/readseek"
      },
      "integrity": "sha512-+93AY5DU1z9XbJ/mZzWVu56ao+dIZZYUkU77rE/yd/uBSXSXAOE9r7wHAnW7L4qQcPv36imIr4wifdksdtCt4g=="
    },
    "node_modules/@jarkkojs/readseek-linux-arm64": {
      "version": "0.8.1",
      "resolved": "https://registry.npmjs.org/@jarkkojs/readseek-linux-arm64/-/readseek-linux-arm64-0.8.1.tgz",
      "cpu": [
        "arm64"
      ],
      "license": "Apache-2.0 AND LGPL-2.1-or-later",
      "optional": true,
      "os": [
        "linux"
      ],
      "bin": {
        "readseek": "bin/readseek"
      },
      "integrity": "sha512-tlIHL8dx/EfRbbhRSCOy34Vqtxptv5ZEeGpRKn3cpsAWPO36n/ZKjxP8LOjwJ7GVpuuGw7GnDyr5hcugr+mRWA=="
    },
    "node_modules/@jarkkojs/readseek-linux-x64": {
      "version": "0.8.1",
      "resolved": "https://registry.npmjs.org/@jarkkojs/readseek-linux-x64/-/readseek-linux-x64-0.8.1.tgz",
      "cpu": [
        "x64"
      ],
      "license": "Apache-2.0 AND LGPL-2.1-or-later",
      "optional": true,
      "os": [
        "linux"
      ],
      "bin": {
        "readseek": "bin/readseek"
      },
      "integrity": "sha512-ECIR6Al4W7lwM3MP2K3kGffh9bv872DOi8PyV/np4tOCcrwaicBedCyir1rKG7quj5flnSvmaWLH68SLr5NU4Q=="
    },
    "node_modules/@jarkkojs/readseek-win32-x64": {
      "version": "0.8.1",
      "resolved": "https://registry.npmjs.org/@jarkkojs/readseek-win32-x64/-/readseek-win32-x64-0.8.1.tgz",
      "cpu": [
        "x64"
      ],
      "license": "Apache-2.0 AND LGPL-2.1-or-later",
      "optional": true,
      "os": [
        "win32"
      ],
      "bin": {
        "readseek": "bin/readseek.exe"
      },
      "integrity": "sha512-YxBATt76lhmhnGZ06SnyfQs38hKo7HkkMXY0aWWFeiJCVbwIUy1E1nVvlQL9C5qs7XYSa1jfZPb9OtdayyxTNA=="
    }
  }
}
