{
  "name": "@jarkkojs/readseek",
  "version": "0.8.2",
  "lockfileVersion": 3,
  "requires": true,
  "packages": {
    "": {
      "name": "@jarkkojs/readseek",
      "version": "0.8.2",
      "license": "Apache-2.0 AND LGPL-2.1-or-later",
      "bin": {
        "readseek": "bin/readseek.js"
      },
      "engines": {
        "node": ">=18"
      },
      "optionalDependencies": {
        "@jarkkojs/readseek-darwin-arm64": "0.8.2",
        "@jarkkojs/readseek-linux-arm64": "0.8.2",
        "@jarkkojs/readseek-linux-x64": "0.8.2",
        "@jarkkojs/readseek-win32-x64": "0.8.2"
      }
    },
    "node_modules/@jarkkojs/readseek-darwin-arm64": {
      "version": "0.8.2",
      "resolved": "https://registry.npmjs.org/@jarkkojs/readseek-darwin-arm64/-/readseek-darwin-arm64-0.8.2.tgz",
      "cpu": [
        "arm64"
      ],
      "license": "Apache-2.0 AND LGPL-2.1-or-later",
      "optional": true,
      "os": [
        "darwin"
      ],
      "bin": {
        "readseek": "bin/readseek"
      },
      "integrity": "sha512-kQOhsmO7ElzzB+n7TohtExeUCqHo6o45/jY82jPg7rMWx1d/MqmXIOn8E7wM+f9xxO8GZ6dr27SXdnXD6UMEkw=="
    },
    "node_modules/@jarkkojs/readseek-linux-arm64": {
      "version": "0.8.2",
      "resolved": "https://registry.npmjs.org/@jarkkojs/readseek-linux-arm64/-/readseek-linux-arm64-0.8.2.tgz",
      "cpu": [
        "arm64"
      ],
      "license": "Apache-2.0 AND LGPL-2.1-or-later",
      "optional": true,
      "os": [
        "linux"
      ],
      "bin": {
        "readseek": "bin/readseek"
      },
      "integrity": "sha512-032x7kK6k72zdsiCkoou54QGknHLUqi7ucwkR5M/xPi5m7522IoJ77ezYdD6gJhuEiTBF6fd3cFsiIdpTR5AHQ=="
    },
    "node_modules/@jarkkojs/readseek-linux-x64": {
      "version": "0.8.2",
      "resolved": "https://registry.npmjs.org/@jarkkojs/readseek-linux-x64/-/readseek-linux-x64-0.8.2.tgz",
      "cpu": [
        "x64"
      ],
      "license": "Apache-2.0 AND LGPL-2.1-or-later",
      "optional": true,
      "os": [
        "linux"
      ],
      "bin": {
        "readseek": "bin/readseek"
      },
      "integrity": "sha512-GSdPJGbvJrVKRLYqJYr//7JdP0mVg4DexGgQnUigM7Is4zWi6m8JnJuBs5lq+YY02cF+WcNGAlyA10v7b9LMIA=="
    },
    "node_modules/@jarkkojs/readseek-win32-x64": {
      "version": "0.8.2",
      "resolved": "https://registry.npmjs.org/@jarkkojs/readseek-win32-x64/-/readseek-win32-x64-0.8.2.tgz",
      "cpu": [
        "x64"
      ],
      "license": "Apache-2.0 AND LGPL-2.1-or-later",
      "optional": true,
      "os": [
        "win32"
      ],
      "bin": {
        "readseek": "bin/readseek.exe"
      },
      "integrity": "sha512-jHINWiEm7A1IVX29ZO7LttNo3QDHfu0PFHJmosWyisGeH1dR1sKSzBUcVdokxJtrODsvNjImWQdFiQddu/aTvA=="
    }
  }
}
